
Microsoft Visual Studio Solution File, Format Version 12.00
# Visual Studio Version 17
VisualStudioVersion = 17.2.32616.157
MinimumVisualStudioVersion = 10.0.40219.1
Project("{9A19103F-16F7-4668-BE54-9A1E7A4F7556}") = "LUJEWebsite.app", "LUJEWebsite.app\LUJEWebsite.app.csproj", "{82DA2F65-7F1B-44FC-9294-C071A42B3896}"
EndProject
Project("{9A19103F-16F7-4668-BE54-9A1E7A4F7556}") = "LUJEWebsite.Mailer", "LUJEWebsite.Mailer\LUJEWebsite.Mailer.csproj", "{A5EBD024-50F0-49C8-B21A-E4BBE305A2A8}"
EndProject
Project("{9A19103F-16F7-4668-BE54-9A1E7A4F7556}") = "LUJEWebsite.PeeringGenerator", "LUJEWebsite.PeeringGenerator\LUJEWebsite.PeeringGenerator.csproj", "{B71B0A00-E42E-47AB-8550-57AB4D73A72F}"
EndProject
Project("{2150E333-8FDC-42A3-9474-1A3956D46DE8}") = "PeeringDB-Sync", "PeeringDB-Sync", "{E90FB123-6A23-4C95-9C49-EF57689221DD}"
	ProjectSection(SolutionItems) = preProject
		PeeringDB-Sync\Dockerfile = PeeringDB-Sync\Dockerfile
	EndProjectSection
EndProject
Project("{2150E333-8FDC-42A3-9474-1A3956D46DE8}") = "RPKI-Client", "RPKI-Client", "{B2B13C40-5893-44A1-A01A-5DFFA8CD2B84}"
	ProjectSection(SolutionItems) = preProject
		RPKI-Client\Dockerfile = RPKI-Client\Dockerfile
		RPKI-Client\run.sh = RPKI-Client\run.sh
	EndProjectSection
EndProject
Global
	GlobalSection(SolutionConfigurationPlatforms) = preSolution
		Debug|Any CPU = Debug|Any CPU
		Release|Any CPU = Release|Any CPU
	EndGlobalSection
	GlobalSection(ProjectConfigurationPlatforms) = postSolution
		{82DA2F65-7F1B-44FC-9294-C071A42B3896}.Debug|Any CPU.ActiveCfg = Debug|Any CPU
		{82DA2F65-7F1B-44FC-9294-C071A42B3896}.Debug|Any CPU.Build.0 = Debug|Any CPU
		{82DA2F65-7F1B-44FC-9294-C071A42B3896}.Release|Any CPU.ActiveCfg = Release|Any CPU
		{82DA2F65-7F1B-44FC-9294-C071A42B3896}.Release|Any CPU.Build.0 = Release|Any CPU
		{A5EBD024-50F0-49C8-B21A-E4BBE305A2A8}.Debug|Any CPU.ActiveCfg = Debug|Any CPU
		{A5EBD024-50F0-49C8-B21A-E4BBE305A2A8}.Debug|Any CPU.Build.0 = Debug|Any CPU
		{A5EBD024-50F0-49C8-B21A-E4BBE305A2A8}.Release|Any CPU.ActiveCfg = Release|Any CPU
		{A5EBD024-50F0-49C8-B21A-E4BBE305A2A8}.Release|Any CPU.Build.0 = Release|Any CPU
		{B71B0A00-E42E-47AB-8550-57AB4D73A72F}.Debug|Any CPU.ActiveCfg = Debug|Any CPU
		{B71B0A00-E42E-47AB-8550-57AB4D73A72F}.Debug|Any CPU.Build.0 = Debug|Any CPU
		{B71B0A00-E42E-47AB-8550-57AB4D73A72F}.Release|Any CPU.ActiveCfg = Release|Any CPU
		{B71B0A00-E42E-47AB-8550-57AB4D73A72F}.Release|Any CPU.Build.0 = Release|Any CPU
	EndGlobalSection
	GlobalSection(SolutionProperties) = preSolution
		HideSolutionNode = FALSE
	EndGlobalSection
	GlobalSection(ExtensibilityGlobals) = postSolution
		SolutionGuid = {D0944944-D669-4506-A767-92F815E80BEB}
	EndGlobalSection
EndGlobal
